// !$*UTF8*$!
{
	archiveVersion = 1;
	classes = {
	};
	objectVersion = 46;
	objects = {

/* Begin PBXBuildFile section */
		11FE16731C71D726005F7C7F /* AppDelegate.swift in Sources */ = {isa = PBXBuildFile; fileRef = 11FE16721C71D726005F7C7F /* AppDelegate.swift */; };
		11FE16751C71D726005F7C7F /* ViewController.swift in Sources */ = {isa = PBXBuildFile; fileRef = 11FE16741C71D726005F7C7F /* ViewController.swift */; };
		11FE16781C71D726005F7C7F /* Main.storyboard in Resources */ = {isa = PBXBuildFile; fileRef = 11FE16761C71D726005F7C7F /* Main.storyboard */; };
		11FE167A1C71D726005F7C7F /* Assets.xcassets in Resources */ = {isa = PBXBuildFile; fileRef = 11FE16791C71D726005F7C7F /* Assets.xcassets */; };
		11FE167D1C71D726005F7C7F /* LaunchScreen.storyboard in Resources */ = {isa = PBXBuildFile; fileRef = 11FE167B1C71D726005F7C7F /* LaunchScreen.storyboard */; };
		11FE16881C71D726005F7C7F /* OCWebActionTests.swift in Sources */ = {isa = PBXBuildFile; fileRef = 11FE16871C71D726005F7C7F /* OCWebActionTests.swift */; };
/* End PBXBuildFile section */

/* Begin PBXContainerItemProxy section */
		11FE16841C71D726005F7C7F /* PBXContainerItemProxy */ = {
			isa = PBXContainerItemProxy;
			containerPortal = 11FE16671C71D726005F7C7F /* Project object */;
			proxyType = 1;
			remoteGlobalIDString = 11FE166E1C71D726005F7C7F;
			remoteInfo = OCWebAction;
		};
/* End PBXContainerItemProxy section */

/* Begin PBXFileReference section */
		11FE166F1C71D726005F7C7F /* OCWebAction.app */ = {isa = PBXFileReference; explicitFileType = wrapper.application; includeInIndex = 0; path = OCWebAction.app; sourceTree = BUILT_PRODUCTS_DIR; };
		11FE16721C71D726005F7C7F /* AppDelegate.swift */ = {isa = PBXFileReference; lastKnownFileType = sourcecode.swift; path = AppDelegate.swift; sourceTree = "<group>"; };
		11FE16741C71D726005F7C7F /* ViewController.swift */ = {isa = PBXFileReference; lastKnownFileType = sourcecode.swift; path = ViewController.swift; sourceTree = "<group>"; };
		11FE16771C71D726005F7C7F /* Base */ = {isa = PBXFileReference; lastKnownFileType = file.storyboard; name = Base; path = Base.lproj/Main.storyboard; sourceTree = "<group>"; };
		11FE16791C71D726005F7C7F /* Assets.xcassets */ = {isa = PBXFileReference; lastKnownFileType = folder.assetcatalog; path = Assets.xcassets; sourceTree = "<group>"; };
		11FE167C1C71D726005F7C7F /* Base */ = {isa = PBXFileReference; lastKnownFileType = file.storyboard; name = Base; path = Base.lproj/LaunchScreen.storyboard; sourceTree = "<group>"; };
		11FE167E1C71D726005F7C7F /* Info.plist */ = {isa = PBXFileReference; lastKnownFileType = text.plist.xml; path = Info.plist; sourceTree = "<group>"; };
		11FE16831C71D726005F7C7F /* OCWebActionTests.xctest */ = {isa = PBXFileReference; explicitFileType = wrapper.cfbundle; includeInIndex = 0; path = OCWebActionTests.xctest; sourceTree = BUILT_PRODUCTS_DIR; };
		11FE16871C71D726005F7C7F /* OCWebActionTests.swift */ = {isa = PBXFileReference; lastKnownFileType = sourcecode.swift; path = OCWebActionTests.swift; sourceTree = "<group>"; };
		11FE16891C71D726005F7C7F /* Info.plist */ = {isa = PBXFileReference; lastKnownFileType = text.plist.xml; path = Info.plist; sourceTree = "<group>"; };
/* End PBXFileReference section */

/* Begin PBXFrameworksBuildPhase section */
		11FE166C1C71D726005F7C7F /* Frameworks */ = {
			isa = PBXFrameworksBuildPhase;
			buildActionMask = 2147483647;
			files = (
			);
			runOnlyForDeploymentPostprocessing = 0;
		};
		11FE16801C71D726005F7C7F /* Frameworks */ = {
			isa = PBXFrameworksBuildPhase;
			buildActionMask = 2147483647;
			files = (
			);
			runOnlyForDeploymentPostprocessing = 0;
		};
/* End PBXFrameworksBuildPhase section */

/* Begin PBXGroup section */
		11FE16661C71D726005F7C7F = {
			isa = PBXGroup;
			children = (
				11FE16711C71D726005F7C7F /* OCWebAction */,
				11FE16861C71D726005F7C7F /* OCWebActionTests */,
				11FE16701C71D726005F7C7F /* Products */,
			);
			sourceTree = "<group>";
		};
		11FE16701C71D726005F7C7F /* Products */ = {
			isa = PBXGroup;
			children = (
				11FE166F1C71D726005F7C7F /* OCWebAction.app */,
				11FE16831C71D726005F7C7F /* OCWebActionTests.xctest */,
			);
			name = Products;
			sourceTree = "<group>";
		};
		11FE16711C71D726005F7C7F /* OCWebAction */ = {
			isa = PBXGroup;
			children = (
				11FE16721C71D726005F7C7F /* AppDelegate.swift */,
				11FE16741C71D726005F7C7F /* ViewController.swift */,
				11FE16761C71D726005F7C7F /* Main.storyboard */,
				11FE16791C71D726005F7C7F /* Assets.xcassets */,
				11FE167B1C71D726005F7C7F /* LaunchScreen.storyboard */,
				11FE167E1C71D726005F7C7F /* Info.plist */,
			);
			path = OCWebAction;
			sourceTree = "<group>";
		};
		11FE16861C71D726005F7C7F /* OCWebActionTests */ = {
			isa = PBXGroup;
			children = (
				11FE16871C71D726005F7C7F /* OCWebActionTests.swift */,
				11FE16891C71D726005F7C7F /* Info.plist */,
			);
			path = OCWebActionTests;
			sourceTree = "<group>";
		};
/* End PBXGroup section */

/* Begin PBXNativeTarget section */
		11FE166E1C71D726005F7C7F /* OCWebAction */ = {
			isa = PBXNativeTarget;
			buildConfigurationList = 11FE168C1C71D726005F7C7F /* Build configuration list for PBXNativeTarget "OCWebAction" */;
			buildPhases = (
				11FE166B1C71D726005F7C7F /* Sources */,
				11FE166C1C71D726005F7C7F /* Frameworks */,
				11FE166D1C71D726005F7C7F /* Resources */,
			);
			buildRules = (
			);
			dependencies = (
			);
			name = OCWebAction;
			productName = OCWebAction;
			productReference = 11FE166F1C71D726005F7C7F /* OCWebAction.app */;
			productType = "com.apple.product-type.application";
		};
		11FE16821C71D726005F7C7F /* OCWebActionTests */ = {
			isa = PBXNativeTarget;
			buildConfigurationList = 11FE168F1C71D726005F7C7F /* Build configuration list for PBXNativeTarget "OCWebActionTests" */;
			buildPhases = (
				11FE167F1C71D726005F7C7F /* Sources */,
				11FE16801C71D726005F7C7F /* Frameworks */,
				11FE16811C71D726005F7C7F /* Resources */,
			);
			buildRules = (
			);
			dependencies = (
				11FE16851C71D726005F7C7F /* PBXTargetDependency */,
			);
			name = OCWebActionTests;
			productName = OCWebActionTests;
			productReference = 11FE16831C71D726005F7C7F /* OCWebActionTests.xctest */;
			productType = "com.apple.product-type.bundle.unit-test";
		};
/* End PBXNativeTarget section */

/* Begin PBXProject section */
		11FE16671C71D726005F7C7F /* Project object */ = {
			isa = PBXProject;
			attributes = {
				LastSwiftUpdateCheck = 0720;
				LastUpgradeCheck = 0720;
				ORGANIZATIONNAME = oceannw;
				TargetAttributes = {
					11FE166E1C71D726005F7C7F = {
						CreatedOnToolsVersion = 7.2.1;
					};
					11FE16821C71D726005F7C7F = {
						CreatedOnToolsVersion = 7.2.1;
						TestTargetID = 11FE166E1C71D726005F7C7F;
					};
				};
			};
			buildConfigurationList = 11FE166A1C71D726005F7C7F /* Build configuration list for PBXProject "OCWebAction" */;
			compatibilityVersion = "Xcode 3.2";
			developmentRegion = English;
			hasScannedForEncodings = 0;
			knownRegions = (
				en,
				Base,
			);
			mainGroup = 11FE16661C71D726005F7C7F;
			productRefGroup = 11FE16701C71D726005F7C7F /* Products */;
			projectDirPath = "";
			projectRoot = "";
			targets = (
				11FE166E1C71D726005F7C7F /* OCWebAction */,
				11FE16821C71D726005F7C7F /* OCWebActionTests */,
			);
		};
/* End PBXProject section */

/* Begin PBXResourcesBuildPhase section */
		11FE166D1C71D726005F7C7F /* Resources */ = {
			isa = PBXResourcesBuildPhase;
			buildActionMask = 2147483647;
			files = (
				11FE167D1C71D726005F7C7F /* LaunchScreen.storyboard in Resources */,
				11FE167A1C71D726005F7C7F /* Assets.xcassets in Resources */,
				11FE16781C71D726005F7C7F /* Main.storyboard in Resources */,
			);
			runOnlyForDeploymentPostprocessing = 0;
		};
		11FE16811C71D726005F7C7F /* Resources */ = {
			isa = PBXResourcesBuildPhase;
			buildActionMask = 2147483647;
			files = (
			);
			runOnlyForDeploymentPostprocessing = 0;
		};
/* End PBXResourcesBuildPhase section */

/* Begin PBXSourcesBuildPhase section */
		11FE166B1C71D726005F7C7F /* Sources */ = {
			isa = PBXSourcesBuildPhase;
			buildActionMask = 2147483647;
			files = (
				11FE16751C71D726005F7C7F /* ViewController.swift in Sources */,
				11FE16731C71D726005F7C7F /* AppDelegate.swift in Sources */,
			);
			runOnlyForDeploymentPostprocessing = 0;
		};
		11FE167F1C71D726005F7C7F /* Sources */ = {
			isa = PBXSourcesBuildPhase;
			buildActionMask = 2147483647;
			files = (
				11FE16881C71D726005F7C7F /* OCWebActionTests.swift in Sources */,
			);
			runOnlyForDeploymentPostprocessing = 0;
		};
/* End PBXSourcesBuildPhase section */

/* Begin PBXTargetDependency section */
		11FE16851C71D726005F7C7F /* PBXTargetDependency */ = {
			isa = PBXTargetDependency;
			target = 11FE166E1C71D726005F7C7F /* OCWebAction */;
			targetProxy = 11FE16841C71D726005F7C7F /* PBXContainerItemProxy */;
		};
/* End PBXTargetDependency section */

/* Begin PBXVariantGroup section */
		11FE16761C71D726005F7C7F /* Main.storyboard */ = {
			isa = PBXVariantGroup;
			children = (
				11FE16771C71D726005F7C7F /* Base */,
			);
			name = Main.storyboard;
			sourceTree = "<group>";
		};
		11FE167B1C71D726005F7C7F /* LaunchScreen.storyboard */ = {
			isa = PBXVariantGroup;
			children = (
				11FE167C1C71D726005F7C7F /* Base */,
			);
			name = LaunchScreen.storyboard;
			sourceTree = "<group>";
		};
/* End PBXVariantGroup section */

/* Begin XCBuildConfiguration section */
		11FE168A1C71D726005F7C7F /* Debug */ = {
			isa = XCBuildConfiguration;
			buildSettings = {
				ALWAYS_SEARCH_USER_PATHS = NO;
				CLANG_CXX_LANGUAGE_STANDARD = "gnu++0x";
				CLANG_CXX_LIBRARY = "libc++";
				CLANG_ENABLE_MODULES = YES;
				CLANG_ENABLE_OBJC_ARC = YES;
				CLANG_WARN_BOOL_CONVERSION = YES;
				CLANG_WARN_CONSTANT_CONVERSION = YES;
				CLANG_WARN_DIRECT_OBJC_ISA_USAGE = YES_ERROR;
				CLANG_WARN_EMPTY_BODY = YES;
				CLANG_WARN_ENUM_CONVERSION = YES;
				CLANG_WARN_INT_CONVERSION = YES;
				CLANG_WARN_OBJC_ROOT_CLASS = YES_ERROR;
				CLANG_WARN_UNREACHABLE_CODE = YES;
				CLANG_WARN__DUPLICATE_METHOD_MATCH = YES;
				"CODE_SIGN_IDENTITY[sdk=iphoneos*]" = "iPhone Developer";
				COPY_PHASE_STRIP = NO;
				DEBUG_INFORMATION_FORMAT = dwarf;
				ENABLE_STRICT_OBJC_MSGSEND = YES;
				ENABLE_TESTABILITY = YES;
				GCC_C_LANGUAGE_STANDARD = gnu99;
				GCC_DYNAMIC_NO_PIC = NO;
				GCC_NO_COMMON_BLOCKS = YES;
				GCC_OPTIMIZATION_LEVEL = 0;
				GCC_PREPROCESSOR_DEFINITIONS = (
					"DEBUG=1",
					"$(inherited)",
				);
				GCC_WARN_64_TO_32_BIT_CONVERSION = YES;
				GCC_WARN_ABOUT_RETURN_TYPE = YES_ERROR;
				GCC_WARN_UNDECLARED_SELECTOR = YES;
				GCC_WARN_UNINITIALIZED_AUTOS = YES_AGGRESSIVE;
				GCC_WARN_UNUSED_FUNCTION = YES;
				GCC_WARN_UNUSED_VARIABLE = YES;
				IPHONEOS_DEPLOYMENT_TARGET = 9.2;
				MTL_ENABLE_DEBUG_INFO = YES;
				ONLY_ACTIVE_ARCH = YES;
				SDKROOT = iphoneos;
				SWIFT_OPTIMIZATION_LEVEL = "-Onone";
				TARGETED_DEVICE_FAMILY = "1,2";
			};
			name = Debug;
		};
		11FE168B1C71D726005F7C7F /* Release */ = {
			isa = XCBuildConfiguration;
			buildSettings = {
				ALWAYS_SEARCH_USER_PATHS = NO;
				CLANG_CXX_LANGUAGE_STANDARD = "gnu++0x";
				CLANG_CXX_LIBRARY = "libc++";
				CLANG_ENABLE_MODULES = YES;
				CLANG_ENABLE_OBJC_ARC = YES;
				CLANG_WARN_BOOL_CONVERSION = YES;
				CLANG_WARN_CONSTANT_CONVERSION = YES;
				CLANG_WARN_DIRECT_OBJC_ISA_USAGE = YES_ERROR;
				CLANG_WARN_EMPTY_BODY = YES;
				CLANG_WARN_ENUM_CONVERSION = YES;
				CLANG_WARN_INT_CONVERSION = YES;
				CLANG_WARN_OBJC_ROOT_CLASS = YES_ERROR;
				CLANG_WARN_UNREACHABLE_CODE = YES;
				CLANG_WARN__DUPLICATE_METHOD_MATCH = YES;
				"CODE_SIGN_IDENTITY[sdk=iphoneos*]" = "iPhone Developer";
				COPY_PHASE_STRIP = NO;
				DEBUG_INFORMATION_FORMAT = "dwarf-with-dsym";
				ENABLE_NS_ASSERTIONS = NO;
				ENABLE_STRICT_OBJC_MSGSEND = YES;
				GCC_C_LANGUAGE_STANDARD = gnu99;
				GCC_NO_COMMON_BLOCKS = YES;
				GCC_WARN_64_TO_32_BIT_CONVERSION = YES;
				GCC_WARN_ABOUT_RETURN_TYPE = YES_ERROR;
				GCC_WARN_UNDECLARED_SELECTOR = YES;
				GCC_WARN_UNINITIALIZED_AUTOS = YES_AGGRESSIVE;
				GCC_WARN_UNUSED_FUNCTION = YES;
				GCC_WARN_UNUSED_VARIABLE = YES;
				IPHONEOS_DEPLOYMENT_TARGET = 9.2;
				MTL_ENABLE_DEBUG_INFO = NO;
				SDKROOT = iphoneos;
				TARGETED_DEVICE_FAMILY = "1,2";
				VALIDATE_PRODUCT = YES;
			};
			name = Release;
		};
		11FE168D1C71D726005F7C7F /* Debug */ = {
			isa = XCBuildConfiguration;
			buildSettings = {
				ASSETCATALOG_COMPILER_APPICON_NAME = AppIcon;
				INFOPLIST_FILE = OCWebAction/Info.plist;
				LD_RUNPATH_SEARCH_PATHS = "$(inherited) @executable_path/Frameworks";
				PRODUCT_BUNDLE_IDENTIFIER = cn.oceann.util.OCWebAction;
				PRODUCT_NAME = "$(TARGET_NAME)";
			};
			name = Debug;
		};
		11FE168E1C71D726005F7C7F /* Release */ = {
			isa = XCBuildConfiguration;
			buildSettings = {
				ASSETCATALOG_COMPILER_APPICON_NAME = AppIcon;
				INFOPLIST_FILE = OCWebAction/Info.plist;
				LD_RUNPATH_SEARCH_PATHS = "$(inherited) @executable_path/Frameworks";
				PRODUCT_BUNDLE_IDENTIFIER = cn.oceann.util.OCWebAction;
				PRODUCT_NAME = "$(TARGET_NAME)";
			};
			name = Release;
		};
		11FE16901C71D726005F7C7F /* Debug */ = {
			isa = XCBuildConfiguration;
			buildSettings = {
				BUNDLE_LOADER = "$(TEST_HOST)";
				INFOPLIST_FILE = OCWebActionTests/Info.plist;
				LD_RUNPATH_SEARCH_PATHS = "$(inherited) @executable_path/Frameworks @loader_path/Frameworks";
				PRODUCT_BUNDLE_IDENTIFIER = cn.oceann.util.OCWebActionTests;
				PRODUCT_NAME = "$(TARGET_NAME)";
				TEST_HOST = "$(BUILT_PRODUCTS_DIR)/OCWebAction.app/OCWebAction";
			};
			name = Debug;
		};
		11FE16911C71D726005F7C7F /* Release */ = {
			isa = XCBuildConfiguration;
			buildSettings = {
				BUNDLE_LOADER = "$(TEST_HOST)";
				INFOPLIST_FILE = OCWebActionTests/Info.plist;
				LD_RUNPATH_SEARCH_PATHS = "$(inherited) @executable_path/Frameworks @loader_path/Frameworks";
				PRODUCT_BUNDLE_IDENTIFIER = cn.oceann.util.OCWebActionTests;
				PRODUCT_NAME = "$(TARGET_NAME)";
				TEST_HOST = "$(BUILT_PRODUCTS_DIR)/OCWebAction.app/OCWebAction";
			};
			name = Release;
		};
/* End XCBuildConfiguration section */

/* Begin XCConfigurationList section */
		11FE166A1C71D726005F7C7F /* Build configuration list for PBXProject "OCWebAction" */ = {
			isa = XCConfigurationList;
			buildConfigurations = (
				11FE168A1C71D726005F7C7F /* Debug */,
				11FE168B1C71D726005F7C7F /* Release */,
			);
			defaultConfigurationIsVisible = 0;
			defaultConfigurationName = Release;
		};
		11FE168C1C71D726005F7C7F /* Build configuration list for PBXNativeTarget "OCWebAction" */ = {
			isa = XCConfigurationList;
			buildConfigurations = (
				11FE168D1C71D726005F7C7F /* Debug */,
				11FE168E1C71D726005F7C7F /* Release */,
			);
			defaultConfigurationIsVisible = 0;
		};
		11FE168F1C71D726005F7C7F /* Build configuration list for PBXNativeTarget "OCWebActionTests" */ = {
			isa = XCConfigurationList;
			buildConfigurations = (
				11FE16901C71D726005F7C7F /* Debug */,
				11FE16911C71D726005F7C7F /* Release */,
			);
			defaultConfigurationIsVisible = 0;
		};
/* End XCConfigurationList section */
	};
	rootObject = 11FE16671C71D726005F7C7F /* Project object */;
}
